// !$*UTF8*$!
{
	archiveVersion = 1;
	classes = {
	};
	objectVersion = 50;
	objects = {

/* Begin PBXBuildFile section */
		DB9F4D4425FD9A0B00773036 /* IngredientsLabel.swift in Sources */ = {isa = PBXBuildFile; fileRef = DB9F4D4325FD9A0B00773036 /* IngredientsLabel.swift */; };
		DBA96D6B25D6012300CEFB4F /* AppDelegate.swift in Sources */ = {isa = PBXBuildFile; fileRef = DBA96D6A25D6012300CEFB4F /* AppDelegate.swift */; };
		DBA96D6D25D6012300CEFB4F /* SceneDelegate.swift in Sources */ = {isa = PBXBuildFile; fileRef = DBA96D6C25D6012300CEFB4F /* SceneDelegate.swift */; };
		DBA96D6F25D6012300CEFB4F /* MainVC.swift in Sources */ = {isa = PBXBuildFile; fileRef = DBA96D6E25D6012300CEFB4F /* MainVC.swift */; };
		DBA96D7225D6012300CEFB4F /* Main.storyboard in Resources */ = {isa = PBXBuildFile; fileRef = DBA96D7025D6012300CEFB4F /* Main.storyboard */; };
		DBA96D7525D6012300CEFB4F /* FoodManChu.xcdatamodeld in Sources */ = {isa = PBXBuildFile; fileRef = DBA96D7325D6012300CEFB4F /* FoodManChu.xcdatamodeld */; };
		DBA96D7725D6012700CEFB4F /* Assets.xcassets in Resources */ = {isa = PBXBuildFile; fileRef = DBA96D7625D6012700CEFB4F /* Assets.xcassets */; };
		DBA96D7A25D6012700CEFB4F /* LaunchScreen.storyboard in Resources */ = {isa = PBXBuildFile; fileRef = DBA96D7825D6012700CEFB4F /* LaunchScreen.storyboard */; };
		DBD86D0525D837E600DFDDA1 /* Constants.swift in Sources */ = {isa = PBXBuildFile; fileRef = DBD86D0425D837E600DFDDA1 /* Constants.swift */; };
		DBD86D0D25D8CC9200DFDDA1 /* CustomizeRecipeVC.swift in Sources */ = {isa = PBXBuildFile; fileRef = DBD86D0C25D8CC9200DFDDA1 /* CustomizeRecipeVC.swift */; };
		DBD86D1E25D98B5F00DFDDA1 /* RecipeCell.swift in Sources */ = {isa = PBXBuildFile; fileRef = DBD86D1D25D98B5F00DFDDA1 /* RecipeCell.swift */; };
		DBD86D2825D9A5AF00DFDDA1 /* Image+CoreDataClass.swift in Sources */ = {isa = PBXBuildFile; fileRef = DBD86D2025D9A5AF00DFDDA1 /* Image+CoreDataClass.swift */; };
		DBD86D2925D9A5AF00DFDDA1 /* Image+CoreDataProperties.swift in Sources */ = {isa = PBXBuildFile; fileRef = DBD86D2125D9A5AF00DFDDA1 /* Image+CoreDataProperties.swift */; };
		DBD86D2A25D9A5AF00DFDDA1 /* Recipe+CoreDataClass.swift in Sources */ = {isa = PBXBuildFile; fileRef = DBD86D2225D9A5AF00DFDDA1 /* Recipe+CoreDataClass.swift */; };
		DBD86D2B25D9A5AF00DFDDA1 /* Recipe+CoreDataProperties.swift in Sources */ = {isa = PBXBuildFile; fileRef = DBD86D2325D9A5AF00DFDDA1 /* Recipe+CoreDataProperties.swift */; };
		DBD86D2C25D9A5AF00DFDDA1 /* Category+CoreDataClass.swift in Sources */ = {isa = PBXBuildFile; fileRef = DBD86D2425D9A5AF00DFDDA1 /* Category+CoreDataClass.swift */; };
		DBD86D2D25D9A5AF00DFDDA1 /* Category+CoreDataProperties.swift in Sources */ = {isa = PBXBuildFile; fileRef = DBD86D2525D9A5AF00DFDDA1 /* Category+CoreDataProperties.swift */; };
		DBD86D2E25D9A5AF00DFDDA1 /* Ingredients+CoreDataClass.swift in Sources */ = {isa = PBXBuildFile; fileRef = DBD86D2625D9A5AF00DFDDA1 /* Ingredients+CoreDataClass.swift */; };
		DBD86D2F25D9A5AF00DFDDA1 /* Ingredients+CoreDataProperties.swift in Sources */ = {isa = PBXBuildFile; fileRef = DBD86D2725D9A5AF00DFDDA1 /* Ingredients+CoreDataProperties.swift */; };
		DBD86D3325D9AADC00DFDDA1 /* MaterialView.swift in Sources */ = {isa = PBXBuildFile; fileRef = DBD86D3225D9AADC00DFDDA1 /* MaterialView.swift */; };
/* End PBXBuildFile section */

/* Begin PBXFileReference section */
		DB3C20BE25FE885300E459B0 /* FoodManChuV2.xcdatamodel */ = {isa = PBXFileReference; lastKnownFileType = wrapper.xcdatamodel; path = FoodManChuV2.xcdatamodel; sourceTree = "<group>"; };
		DB9F4D4325FD9A0B00773036 /* IngredientsLabel.swift */ = {isa = PBXFileReference; lastKnownFileType = sourcecode.swift; path = IngredientsLabel.swift; sourceTree = "<group>"; };
		DBA96D6725D6012300CEFB4F /* FoodManChu.app */ = {isa = PBXFileReference; explicitFileType = wrapper.application; includeInIndex = 0; path = FoodManChu.app; sourceTree = BUILT_PRODUCTS_DIR; };
		DBA96D6A25D6012300CEFB4F /* AppDelegate.swift */ = {isa = PBXFileReference; lastKnownFileType = sourcecode.swift; path = AppDelegate.swift; sourceTree = "<group>"; };
		DBA96D6C25D6012300CEFB4F /* SceneDelegate.swift */ = {isa = PBXFileReference; lastKnownFileType = sourcecode.swift; path = SceneDelegate.swift; sourceTree = "<group>"; };
		DBA96D6E25D6012300CEFB4F /* MainVC.swift */ = {isa = PBXFileReference; lastKnownFileType = sourcecode.swift; path = MainVC.swift; sourceTree = "<group>"; };
		DBA96D7125D6012300CEFB4F /* Base */ = {isa = PBXFileReference; lastKnownFileType = file.storyboard; name = Base; path = Base.lproj/Main.storyboard; sourceTree = "<group>"; };
		DBA96D7425D6012300CEFB4F /* FoodManChu.xcdatamodel */ = {isa = PBXFileReference; lastKnownFileType = wrapper.xcdatamodel; path = FoodManChu.xcdatamodel; sourceTree = "<group>"; };
		DBA96D7625D6012700CEFB4F /* Assets.xcassets */ = {isa = PBXFileReference; lastKnownFileType = folder.assetcatalog; path = Assets.xcassets; sourceTree = "<group>"; };
		DBA96D7925D6012700CEFB4F /* Base */ = {isa = PBXFileReference; lastKnownFileType = file.storyboard; name = Base; path = Base.lproj/LaunchScreen.storyboard; sourceTree = "<group>"; };
		DBA96D7B25D6012700CEFB4F /* Info.plist */ = {isa = PBXFileReference; lastKnownFileType = text.plist.xml; path = Info.plist; sourceTree = "<group>"; };
		DBD86D0425D837E600DFDDA1 /* Constants.swift */ = {isa = PBXFileReference; lastKnownFileType = sourcecode.swift; path = Constants.swift; sourceTree = "<group>"; };
		DBD86D0C25D8CC9200DFDDA1 /* CustomizeRecipeVC.swift */ = {isa = PBXFileReference; lastKnownFileType = sourcecode.swift; path = CustomizeRecipeVC.swift; sourceTree = "<group>"; };
		DBD86D1D25D98B5F00DFDDA1 /* RecipeCell.swift */ = {isa = PBXFileReference; lastKnownFileType = sourcecode.swift; path = RecipeCell.swift; sourceTree = "<group>"; };
		DBD86D2025D9A5AF00DFDDA1 /* Image+CoreDataClass.swift */ = {isa = PBXFileReference; lastKnownFileType = sourcecode.swift; path = "Image+CoreDataClass.swift"; sourceTree = "<group>"; };
		DBD86D2125D9A5AF00DFDDA1 /* Image+CoreDataProperties.swift */ = {isa = PBXFileReference; lastKnownFileType = sourcecode.swift; path = "Image+CoreDataProperties.swift"; sourceTree = "<group>"; };
		DBD86D2225D9A5AF00DFDDA1 /* Recipe+CoreDataClass.swift */ = {isa = PBXFileReference; lastKnownFileType = sourcecode.swift; path = "Recipe+CoreDataClass.swift"; sourceTree = "<group>"; };
		DBD86D2325D9A5AF00DFDDA1 /* Recipe+CoreDataProperties.swift */ = {isa = PBXFileReference; lastKnownFileType = sourcecode.swift; path = "Recipe+CoreDataProperties.swift"; sourceTree = "<group>"; };
		DBD86D2425D9A5AF00DFDDA1 /* Category+CoreDataClass.swift */ = {isa = PBXFileReference; lastKnownFileType = sourcecode.swift; path = "Category+CoreDataClass.swift"; sourceTree = "<group>"; };
		DBD86D2525D9A5AF00DFDDA1 /* Category+CoreDataProperties.swift */ = {isa = PBXFileReference; lastKnownFileType = sourcecode.swift; path = "Category+CoreDataProperties.swift"; sourceTree = "<group>"; };
		DBD86D2625D9A5AF00DFDDA1 /* Ingredients+CoreDataClass.swift */ = {isa = PBXFileReference; lastKnownFileType = sourcecode.swift; path = "Ingredients+CoreDataClass.swift"; sourceTree = "<group>"; };
		DBD86D2725D9A5AF00DFDDA1 /* Ingredients+CoreDataProperties.swift */ = {isa = PBXFileReference; lastKnownFileType = sourcecode.swift; path = "Ingredients+CoreDataProperties.swift"; sourceTree = "<group>"; };
		DBD86D3225D9AADC00DFDDA1 /* MaterialView.swift */ = {isa = PBXFileReference; lastKnownFileType = sourcecode.swift; path = MaterialView.swift; sourceTree = "<group>"; };
/* End PBXFileReference section */

/* Begin PBXFrameworksBuildPhase section */
		DBA96D6425D6012300CEFB4F /* Frameworks */ = {
			isa = PBXFrameworksBuildPhase;
			buildActionMask = 2147483647;
			files = (
			);
			runOnlyForDeploymentPostprocessing = 0;
		};
/* End PBXFrameworksBuildPhase section */

/* Begin PBXGroup section */
		DBA96D5E25D6012300CEFB4F = {
			isa = PBXGroup;
			children = (
				DBD86D2025D9A5AF00DFDDA1 /* Image+CoreDataClass.swift */,
				DBD86D2225D9A5AF00DFDDA1 /* Recipe+CoreDataClass.swift */,
				DBD86D2425D9A5AF00DFDDA1 /* Category+CoreDataClass.swift */,
				DBD86D2625D9A5AF00DFDDA1 /* Ingredients+CoreDataClass.swift */,
				DBA96D6925D6012300CEFB4F /* FoodManChu */,
				DBA96D6825D6012300CEFB4F /* Products */,
			);
			sourceTree = "<group>";
		};
		DBA96D6825D6012300CEFB4F /* Products */ = {
			isa = PBXGroup;
			children = (
				DBA96D6725D6012300CEFB4F /* FoodManChu.app */,
			);
			name = Products;
			sourceTree = "<group>";
		};
		DBA96D6925D6012300CEFB4F /* FoodManChu */ = {
			isa = PBXGroup;
			children = (
				DBA96D6A25D6012300CEFB4F /* AppDelegate.swift */,
				DBA96D6C25D6012300CEFB4F /* SceneDelegate.swift */,
				DBD86CFE25D8377F00DFDDA1 /* Utils */,
				DBD86CFF25D8378F00DFDDA1 /* Model */,
				DBD86D0025D8379800DFDDA1 /* View */,
				DBD86D0125D8379D00DFDDA1 /* Controller */,
				DBA96D7025D6012300CEFB4F /* Main.storyboard */,
				DBA96D7625D6012700CEFB4F /* Assets.xcassets */,
				DBA96D7825D6012700CEFB4F /* LaunchScreen.storyboard */,
				DBA96D7B25D6012700CEFB4F /* Info.plist */,
				DBA96D7325D6012300CEFB4F /* FoodManChu.xcdatamodeld */,
			);
			path = FoodManChu;
			sourceTree = "<group>";
		};
		DBD86CFE25D8377F00DFDDA1 /* Utils */ = {
			isa = PBXGroup;
			children = (
				DBD86D0425D837E600DFDDA1 /* Constants.swift */,
			);
			path = Utils;
			sourceTree = "<group>";
		};
		DBD86CFF25D8378F00DFDDA1 /* Model */ = {
			isa = PBXGroup;
			children = (
				DBD86D2125D9A5AF00DFDDA1 /* Image+CoreDataProperties.swift */,
				DBD86D2325D9A5AF00DFDDA1 /* Recipe+CoreDataProperties.swift */,
				DBD86D2525D9A5AF00DFDDA1 /* Category+CoreDataProperties.swift */,
				DBD86D2725D9A5AF00DFDDA1 /* Ingredients+CoreDataProperties.swift */,
			);
			path = Model;
			sourceTree = "<group>";
		};
		DBD86D0025D8379800DFDDA1 /* View */ = {
			isa = PBXGroup;
			children = (
				DBD86D1D25D98B5F00DFDDA1 /* RecipeCell.swift */,
				DBD86D3225D9AADC00DFDDA1 /* MaterialView.swift */,
				DB9F4D4325FD9A0B00773036 /* IngredientsLabel.swift */,
			);
			path = View;
			sourceTree = "<group>";
		};
		DBD86D0125D8379D00DFDDA1 /* Controller */ = {
			isa = PBXGroup;
			children = (
				DBA96D6E25D6012300CEFB4F /* MainVC.swift */,
				DBD86D0C25D8CC9200DFDDA1 /* CustomizeRecipeVC.swift */,
			);
			path = Controller;
			sourceTree = "<group>";
		};
/* End PBXGroup section */

/* Begin PBXNativeTarget section */
		DBA96D6625D6012300CEFB4F /* FoodManChu */ = {
			isa = PBXNativeTarget;
			buildConfigurationList = DBA96D7E25D6012800CEFB4F /* Build configuration list for PBXNativeTarget "FoodManChu" */;
			buildPhases = (
				DBA96D6325D6012300CEFB4F /* Sources */,
				DBA96D6425D6012300CEFB4F /* Frameworks */,
				DBA96D6525D6012300CEFB4F /* Resources */,
			);
			buildRules = (
			);
			dependencies = (
			);
			name = FoodManChu;
			productName = FoodManChu;
			productReference = DBA96D6725D6012300CEFB4F /* FoodManChu.app */;
			productType = "com.apple.product-type.application";
		};
/* End PBXNativeTarget section */

/* Begin PBXProject section */
		DBA96D5F25D6012300CEFB4F /* Project object */ = {
			isa = PBXProject;
			attributes = {
				LastSwiftUpdateCheck = 1240;
				LastUpgradeCheck = 1240;
				TargetAttributes = {
					DBA96D6625D6012300CEFB4F = {
						CreatedOnToolsVersion = 12.4;
					};
				};
			};
			buildConfigurationList = DBA96D6225D6012300CEFB4F /* Build configuration list for PBXProject "FoodManChu" */;
			compatibilityVersion = "Xcode 9.3";
			developmentRegion = en;
			hasScannedForEncodings = 0;
			knownRegions = (
				en,
				Base,
			);
			mainGroup = DBA96D5E25D6012300CEFB4F;
			productRefGroup = DBA96D6825D6012300CEFB4F /* Products */;
			projectDirPath = "";
			projectRoot = "";
			targets = (
				DBA96D6625D6012300CEFB4F /* FoodManChu */,
			);
		};
/* End PBXProject section */

/* Begin PBXResourcesBuildPhase section */
		DBA96D6525D6012300CEFB4F /* Resources */ = {
			isa = PBXResourcesBuildPhase;
			buildActionMask = 2147483647;
			files = (
				DBA96D7A25D6012700CEFB4F /* LaunchScreen.storyboard in Resources */,
				DBA96D7725D6012700CEFB4F /* Assets.xcassets in Resources */,
				DBA96D7225D6012300CEFB4F /* Main.storyboard in Resources */,
			);
			runOnlyForDeploymentPostprocessing = 0;
		};
/* End PBXResourcesBuildPhase section */

/* Begin PBXSourcesBuildPhase section */
		DBA96D6325D6012300CEFB4F /* Sources */ = {
			isa = PBXSourcesBuildPhase;
			buildActionMask = 2147483647;
			files = (
				DBD86D2825D9A5AF00DFDDA1 /* Image+CoreDataClass.swift in Sources */,
				DBD86D2925D9A5AF00DFDDA1 /* Image+CoreDataProperties.swift in Sources */,
				DBD86D0D25D8CC9200DFDDA1 /* CustomizeRecipeVC.swift in Sources */,
				DBD86D2C25D9A5AF00DFDDA1 /* Category+CoreDataClass.swift in Sources */,
				DBD86D0525D837E600DFDDA1 /* Constants.swift in Sources */,
				DBA96D6F25D6012300CEFB4F /* MainVC.swift in Sources */,
				DBD86D2F25D9A5AF00DFDDA1 /* Ingredients+CoreDataProperties.swift in Sources */,
				DBD86D2E25D9A5AF00DFDDA1 /* Ingredients+CoreDataClass.swift in Sources */,
				DBD86D2A25D9A5AF00DFDDA1 /* Recipe+CoreDataClass.swift in Sources */,
				DBD86D2D25D9A5AF00DFDDA1 /* Category+CoreDataProperties.swift in Sources */,
				DB9F4D4425FD9A0B00773036 /* IngredientsLabel.swift in Sources */,
				DBD86D1E25D98B5F00DFDDA1 /* RecipeCell.swift in Sources */,
				DBA96D6B25D6012300CEFB4F /* AppDelegate.swift in Sources */,
				DBD86D2B25D9A5AF00DFDDA1 /* Recipe+CoreDataProperties.swift in Sources */,
				DBA96D6D25D6012300CEFB4F /* SceneDelegate.swift in Sources */,
				DBA96D7525D6012300CEFB4F /* FoodManChu.xcdatamodeld in Sources */,
				DBD86D3325D9AADC00DFDDA1 /* MaterialView.swift in Sources */,
			);
			runOnlyForDeploymentPostprocessing = 0;
		};
/* End PBXSourcesBuildPhase section */

/* Begin PBXVariantGroup section */
		DBA96D7025D6012300CEFB4F /* Main.storyboard */ = {
			isa = PBXVariantGroup;
			children = (
				DBA96D7125D6012300CEFB4F /* Base */,
			);
			name = Main.storyboard;
			sourceTree = "<group>";
		};
		DBA96D7825D6012700CEFB4F /* LaunchScreen.storyboard */ = {
			isa = PBXVariantGroup;
			children = (
				DBA96D7925D6012700CEFB4F /* Base */,
			);
			name = LaunchScreen.storyboard;
			sourceTree = "<group>";
		};
/* End PBXVariantGroup section */

/* Begin XCBuildConfiguration section */
		DBA96D7C25D6012800CEFB4F /* Debug */ = {
			isa = XCBuildConfiguration;
			buildSettings = {
				ALWAYS_SEARCH_USER_PATHS = NO;
				CLANG_ANALYZER_NONNULL = YES;
				CLANG_ANALYZER_NUMBER_OBJECT_CONVERSION = YES_AGGRESSIVE;
				CLANG_CXX_LANGUAGE_STANDARD = "gnu++14";
				CLANG_CXX_LIBRARY = "libc++";
				CLANG_ENABLE_MODULES = YES;
				CLANG_ENABLE_OBJC_ARC = YES;
				CLANG_ENABLE_OBJC_WEAK = YES;
				CLANG_WARN_BLOCK_CAPTURE_AUTORELEASING = YES;
				CLANG_WARN_BOOL_CONVERSION = YES;
				CLANG_WARN_COMMA = YES;
				CLANG_WARN_CONSTANT_CONVERSION = YES;
				CLANG_WARN_DEPRECATED_OBJC_IMPLEMENTATIONS = YES;
				CLANG_WARN_DIRECT_OBJC_ISA_USAGE = YES_ERROR;
				CLANG_WARN_DOCUMENTATION_COMMENTS = YES;
				CLANG_WARN_EMPTY_BODY = YES;
				CLANG_WARN_ENUM_CONVERSION = YES;
				CLANG_WARN_INFINITE_RECURSION = YES;
				CLANG_WARN_INT_CONVERSION = YES;
				CLANG_WARN_NON_LITERAL_NULL_CONVERSION = YES;
				CLANG_WARN_OBJC_IMPLICIT_RETAIN_SELF = YES;
				CLANG_WARN_OBJC_LITERAL_CONVERSION = YES;
				CLANG_WARN_OBJC_ROOT_CLASS = YES_ERROR;
				CLANG_WARN_QUOTED_INCLUDE_IN_FRAMEWORK_HEADER = YES;
				CLANG_WARN_RANGE_LOOP_ANALYSIS = YES;
				CLANG_WARN_STRICT_PROTOTYPES = YES;
				CLANG_WARN_SUSPICIOUS_MOVE = YES;
				CLANG_WARN_UNGUARDED_AVAILABILITY = YES_AGGRESSIVE;
				CLANG_WARN_UNREACHABLE_CODE = YES;
				CLANG_WARN__DUPLICATE_METHOD_MATCH = YES;
				COPY_PHASE_STRIP = NO;
				DEBUG_INFORMATION_FORMAT = dwarf;
				ENABLE_STRICT_OBJC_MSGSEND = YES;
				ENABLE_TESTABILITY = YES;
				GCC_C_LANGUAGE_STANDARD = gnu11;
				GCC_DYNAMIC_NO_PIC = NO;
				GCC_NO_COMMON_BLOCKS = YES;
				GCC_OPTIMIZATION_LEVEL = 0;
				GCC_PREPROCESSOR_DEFINITIONS = (
					"DEBUG=1",
					"$(inherited)",
				);
				GCC_WARN_64_TO_32_BIT_CONVERSION = YES;
				GCC_WARN_ABOUT_RETURN_TYPE = YES_ERROR;
				GCC_WARN_UNDECLARED_SELECTOR = YES;
				GCC_WARN_UNINITIALIZED_AUTOS = YES_AGGRESSIVE;
				GCC_WARN_UNUSED_FUNCTION = YES;
				GCC_WARN_UNUSED_VARIABLE = YES;
				IPHONEOS_DEPLOYMENT_TARGET = 14.4;
				MTL_ENABLE_DEBUG_INFO = INCLUDE_SOURCE;
				MTL_FAST_MATH = YES;
				ONLY_ACTIVE_ARCH = YES;
				SDKROOT = iphoneos;
				SWIFT_ACTIVE_COMPILATION_CONDITIONS = DEBUG;
				SWIFT_OPTIMIZATION_LEVEL = "-Onone";
			};
			name = Debug;
		};
		DBA96D7D25D6012800CEFB4F /* Release */ = {
			isa = XCBuildConfiguration;
			buildSettings = {
				ALWAYS_SEARCH_USER_PATHS = NO;
				CLANG_ANALYZER_NONNULL = YES;
				CLANG_ANALYZER_NUMBER_OBJECT_CONVERSION = YES_AGGRESSIVE;
				CLANG_CXX_LANGUAGE_STANDARD = "gnu++14";
				CLANG_CXX_LIBRARY = "libc++";
				CLANG_ENABLE_MODULES = YES;
				CLANG_ENABLE_OBJC_ARC = YES;
				CLANG_ENABLE_OBJC_WEAK = YES;
				CLANG_WARN_BLOCK_CAPTURE_AUTORELEASING = YES;
				CLANG_WARN_BOOL_CONVERSION = YES;
				CLANG_WARN_COMMA = YES;
				CLANG_WARN_CONSTANT_CONVERSION = YES;
				CLANG_WARN_DEPRECATED_OBJC_IMPLEMENTATIONS = YES;
				CLANG_WARN_DIRECT_OBJC_ISA_USAGE = YES_ERROR;
				CLANG_WARN_DOCUMENTATION_COMMENTS = YES;
				CLANG_WARN_EMPTY_BODY = YES;
				CLANG_WARN_ENUM_CONVERSION = YES;
				CLANG_WARN_INFINITE_RECURSION = YES;
				CLANG_WARN_INT_CONVERSION = YES;
				CLANG_WARN_NON_LITERAL_NULL_CONVERSION = YES;
				CLANG_WARN_OBJC_IMPLICIT_RETAIN_SELF = YES;
				CLANG_WARN_OBJC_LITERAL_CONVERSION = YES;
				CLANG_WARN_OBJC_ROOT_CLASS = YES_ERROR;
				CLANG_WARN_QUOTED_INCLUDE_IN_FRAMEWORK_HEADER = YES;
				CLANG_WARN_RANGE_LOOP_ANALYSIS = YES;
				CLANG_WARN_STRICT_PROTOTYPES = YES;
				CLANG_WARN_SUSPICIOUS_MOVE = YES;
				CLANG_WARN_UNGUARDED_AVAILABILITY = YES_AGGRESSIVE;
				CLANG_WARN_UNREACHABLE_CODE = YES;
				CLANG_WARN__DUPLICATE_METHOD_MATCH = YES;
				COPY_PHASE_STRIP = NO;
				DEBUG_INFORMATION_FORMAT = "dwarf-with-dsym";
				ENABLE_NS_ASSERTIONS = NO;
				ENABLE_STRICT_OBJC_MSGSEND = YES;
				GCC_C_LANGUAGE_STANDARD = gnu11;
				GCC_NO_COMMON_BLOCKS = YES;
				GCC_WARN_64_TO_32_BIT_CONVERSION = YES;
				GCC_WARN_ABOUT_RETURN_TYPE = YES_ERROR;
				GCC_WARN_UNDECLARED_SELECTOR = YES;
				GCC_WARN_UNINITIALIZED_AUTOS = YES_AGGRESSIVE;
				GCC_WARN_UNUSED_FUNCTION = YES;
				GCC_WARN_UNUSED_VARIABLE = YES;
				IPHONEOS_DEPLOYMENT_TARGET = 14.4;
				MTL_ENABLE_DEBUG_INFO = NO;
				MTL_FAST_MATH = YES;
				SDKROOT = iphoneos;
				SWIFT_COMPILATION_MODE = wholemodule;
				SWIFT_OPTIMIZATION_LEVEL = "-O";
				VALIDATE_PRODUCT = YES;
			};
			name = Release;
		};
		DBA96D7F25D6012800CEFB4F /* Debug */ = {
			isa = XCBuildConfiguration;
			buildSettings = {
				ASSETCATALOG_COMPILER_APPICON_NAME = AppIcon;
				ASSETCATALOG_COMPILER_GLOBAL_ACCENT_COLOR_NAME = AccentColor;
				CODE_SIGN_STYLE = Automatic;
				DEVELOPMENT_TEAM = 25BK2A3LZ7;
				INFOPLIST_FILE = FoodManChu/Info.plist;
				LD_RUNPATH_SEARCH_PATHS = (
					"$(inherited)",
					"@executable_path/Frameworks",
				);
				PRODUCT_BUNDLE_IDENTIFIER = com.AlvinEscobar.FoodManChu;
				PRODUCT_NAME = "$(TARGET_NAME)";
				SWIFT_VERSION = 5.0;
				TARGETED_DEVICE_FAMILY = "1,2";
			};
			name = Debug;
		};
		DBA96D8025D6012800CEFB4F /* Release */ = {
			isa = XCBuildConfiguration;
			buildSettings = {
				ASSETCATALOG_COMPILER_APPICON_NAME = AppIcon;
				ASSETCATALOG_COMPILER_GLOBAL_ACCENT_COLOR_NAME = AccentColor;
				CODE_SIGN_STYLE = Automatic;
				DEVELOPMENT_TEAM = 25BK2A3LZ7;
				INFOPLIST_FILE = FoodManChu/Info.plist;
				LD_RUNPATH_SEARCH_PATHS = (
					"$(inherited)",
					"@executable_path/Frameworks",
				);
				PRODUCT_BUNDLE_IDENTIFIER = com.AlvinEscobar.FoodManChu;
				PRODUCT_NAME = "$(TARGET_NAME)";
				SWIFT_VERSION = 5.0;
				TARGETED_DEVICE_FAMILY = "1,2";
			};
			name = Release;
		};
/* End XCBuildConfiguration section */

/* Begin XCConfigurationList section */
		DBA96D6225D6012300CEFB4F /* Build configuration list for PBXProject "FoodManChu" */ = {
			isa = XCConfigurationList;
			buildConfigurations = (
				DBA96D7C25D6012800CEFB4F /* Debug */,
				DBA96D7D25D6012800CEFB4F /* Release */,
			);
			defaultConfigurationIsVisible = 0;
			defaultConfigurationName = Release;
		};
		DBA96D7E25D6012800CEFB4F /* Build configuration list for PBXNativeTarget "FoodManChu" */ = {
			isa = XCConfigurationList;
			buildConfigurations = (
				DBA96D7F25D6012800CEFB4F /* Debug */,
				DBA96D8025D6012800CEFB4F /* Release */,
			);
			defaultConfigurationIsVisible = 0;
			defaultConfigurationName = Release;
		};
/* End XCConfigurationList section */

/* Begin XCVersionGroup section */
		DBA96D7325D6012300CEFB4F /* FoodManChu.xcdatamodeld */ = {
			isa = XCVersionGroup;
			children = (
				DB3C20BE25FE885300E459B0 /* FoodManChuV2.xcdatamodel */,
				DBA96D7425D6012300CEFB4F /* FoodManChu.xcdatamodel */,
			);
			currentVersion = DB3C20BE25FE885300E459B0 /* FoodManChuV2.xcdatamodel */;
			path = FoodManChu.xcdatamodeld;
			sourceTree = "<group>";
			versionGroupType = wrapper.xcdatamodel;
		};
/* End XCVersionGroup section */
	};
	rootObject = DBA96D5F25D6012300CEFB4F /* Project object */;
}
